
Microsoft Visual Studio Solution File, Format Version 12.00
# Visual Studio Version 16
VisualStudioVersion = 16.0.29613.14
MinimumVisualStudioVersion = 10.0.40219.1
Project("{FAE04EC0-301F-11D3-BF4B-00C04F79EFBC}") = "TestDatabindingConverter", "TestDatabindingConverter\TestDatabindingConverter.csproj", "{8EC08421-0BA4-453A-88EE-967867FE1137}"
EndProject
Project("{2150E333-8FDC-42A3-9474-1A3956D46DE8}") = "Solution Items", "Solution Items", "{1F6F1382-3FDB-48DB-8544-983292D78286}"
	ProjectSection(SolutionItems) = preProject
		README.md = README.md
	EndProjectSection
EndProject
Global
	GlobalSection(SolutionConfigurationPlatforms) = preSolution
		Debug|Any CPU = Debug|Any CPU
		Release|Any CPU = Release|Any CPU
	EndGlobalSection
	GlobalSection(ProjectConfigurationPlatforms) = postSolution
		{8EC08421-0BA4-453A-88EE-967867FE1137}.Debug|Any CPU.ActiveCfg = Debug|Any CPU
		{8EC08421-0BA4-453A-88EE-967867FE1137}.Debug|Any CPU.Build.0 = Debug|Any CPU
		{8EC08421-0BA4-453A-88EE-967867FE1137}.Release|Any CPU.ActiveCfg = Release|Any CPU
		{8EC08421-0BA4-453A-88EE-967867FE1137}.Release|Any CPU.Build.0 = Release|Any CPU
	EndGlobalSection
	GlobalSection(SolutionProperties) = preSolution
		HideSolutionNode = FALSE
	EndGlobalSection
	GlobalSection(ExtensibilityGlobals) = postSolution
		SolutionGuid = {CD199E2C-58F6-4C8C-9C82-EB72ECC0DCEE}
	EndGlobalSection
EndGlobal
